Microsoft Visual Studio Solution File, Format Version 12.00
# Visual Studio Version 17
VisualStudioVersion = 17.10.35122.118
MinimumVisualStudioVersion = 10.0.40219.1
Project("{9A19103F-16F7-4668-BE54-9A1E7A4F7556}") = "StaticGenerator", "Win\StaticGenerator.csproj", "{4159A0A2-2727-49B0-BD93-97F526EABE68}"
EndProject
Project("{930C7802-8A8C-48F9-8165-68863BCCD9DD}") = "SDSetup", "SDSetup\SDSetup.wixproj", "{36E1FBD3-5003-4B47-9AE3-5E39809EFB65}"
EndProject
Project("{9A19103F-16F7-4668-BE54-9A1E7A4F7556}") = "Microsoft.Data.ConnectionUI.Dialog", "ConnectionUIDialog\Microsoft.Data.ConnectionUI.Dialog.csproj", "{05C97F8D-B7CF-4CAB-B81C-0994A70D90CA}"
EndProject
Project("{9A19103F-16F7-4668-BE54-9A1E7A4F7556}") = "Microsoft.Data.ConnectionUI", "ConnectionUI\Microsoft.Data.ConnectionUI.csproj", "{139729CD-0F06-48E8-9F4A-08E78BB6575F}"
EndProject
Global
	GlobalSection(SolutionConfigurationPlatforms) = preSolution
		Debug|Any CPU = Debug|Any CPU
		Release|Any CPU = Release|Any CPU
	EndGlobalSection
	GlobalSection(ProjectConfigurationPlatforms) = postSolution
		{4159A0A2-2727-49B0-BD93-97F526EABE68}.Debug|Any CPU.ActiveCfg = Debug|Any CPU
		{4159A0A2-2727-49B0-BD93-97F526EABE68}.Debug|Any CPU.Build.0 = Debug|Any CPU
		{4159A0A2-2727-49B0-BD93-97F526EABE68}.Release|Any CPU.ActiveCfg = Release|Any CPU
		{4159A0A2-2727-49B0-BD93-97F526EABE68}.Release|Any CPU.Build.0 = Release|Any CPU
		{36E1FBD3-5003-4B47-9AE3-5E39809EFB65}.Debug|Any CPU.ActiveCfg = Debug|x86
		{36E1FBD3-5003-4B47-9AE3-5E39809EFB65}.Debug|Any CPU.Build.0 = Debug|x86
		{36E1FBD3-5003-4B47-9AE3-5E39809EFB65}.Release|Any CPU.ActiveCfg = Release|x86
		{36E1FBD3-5003-4B47-9AE3-5E39809EFB65}.Release|Any CPU.Build.0 = Release|x86
		{05C97F8D-B7CF-4CAB-B81C-0994A70D90CA}.Debug|Any CPU.ActiveCfg = Debug|Any CPU
		{05C97F8D-B7CF-4CAB-B81C-0994A70D90CA}.Debug|Any CPU.Build.0 = Debug|Any CPU
		{05C97F8D-B7CF-4CAB-B81C-0994A70D90CA}.Release|Any CPU.ActiveCfg = Release|Any CPU
		{05C97F8D-B7CF-4CAB-B81C-0994A70D90CA}.Release|Any CPU.Build.0 = Release|Any CPU
		{139729CD-0F06-48E8-9F4A-08E78BB6575F}.Debug|Any CPU.ActiveCfg = Debug|AnyCPU|Any CPU
		{139729CD-0F06-48E8-9F4A-08E78BB6575F}.Debug|Any CPU.Build.0 = Debug|AnyCPU|Any CPU
		{139729CD-0F06-48E8-9F4A-08E78BB6575F}.Release|Any CPU.ActiveCfg = Release|Any CPU
		{139729CD-0F06-48E8-9F4A-08E78BB6575F}.Release|Any CPU.Build.0 = Release|Any CPU
	EndGlobalSection
	GlobalSection(SolutionProperties) = preSolution
		HideSolutionNode = FALSE
	EndGlobalSection
	GlobalSection(ExtensibilityGlobals) = postSolution
		SolutionGuid = {38667246-E350-4304-9308-AF8C9AEA3169}
	EndGlobalSection
EndGlobal
